
Microsoft Visual Studio Solution File, Format Version 12.00
# Visual Studio Version 17
VisualStudioVersion = 17.0.32126.317
MinimumVisualStudioVersion = 10.0.40219.1
Project("{FAE04EC0-301F-11D3-BF4B-00C04F79EFBC}") = "AFSD", "AFSD.csproj", "{24941CA1-6269-485D-9245-78D82A2FBA99}"
EndProject
Global
	GlobalSection(SolutionConfigurationPlatforms) = preSolution
		Debug|Any CPU = Debug|Any CPU
		Release|Any CPU = Release|Any CPU
	EndGlobalSection
	GlobalSection(ProjectConfigurationPlatforms) = postSolution
		{24941CA1-6269-485D-9245-78D82A2FBA99}.Debug|Any CPU.ActiveCfg = Debug|Any CPU
		{24941CA1-6269-485D-9245-78D82A2FBA99}.Debug|Any CPU.Build.0 = Debug|Any CPU
		{24941CA1-6269-485D-9245-78D82A2FBA99}.Release|Any CPU.ActiveCfg = Release|Any CPU
		{24941CA1-6269-485D-9245-78D82A2FBA99}.Release|Any CPU.Build.0 = Release|Any CPU
	EndGlobalSection
	GlobalSection(SolutionProperties) = preSolution
		HideSolutionNode = FALSE
	EndGlobalSection
	GlobalSection(ExtensibilityGlobals) = postSolution
		SolutionGuid = {B76AD390-D052-485C-942E-2CAA4BED7486}
	EndGlobalSection
EndGlobal
